// !$*UTF8*$!
{
	archiveVersion = 1;
	classes = {
	};
	objectVersion = 47;
	objects = {

/* Begin PBXBuildFile section */
		330424B21B9E16C2003D5965 /* AppDelegate.swift in Sources */ = {isa = PBXBuildFile; fileRef = 330424B11B9E16C2003D5965 /* AppDelegate.swift */; };
		330424B41B9E16C2003D5965 /* ConverterViewController.swift in Sources */ = {isa = PBXBuildFile; fileRef = 330424B31B9E16C2003D5965 /* ConverterViewController.swift */; };
		330424B71B9E16C2003D5965 /* Main.storyboard in Resources */ = {isa = PBXBuildFile; fileRef = 330424B51B9E16C2003D5965 /* Main.storyboard */; };
		330424B91B9E16C2003D5965 /* Images.xcassets in Resources */ = {isa = PBXBuildFile; fileRef = 330424B81B9E16C2003D5965 /* Images.xcassets */; };
		330424BC1B9E16C2003D5965 /* LaunchScreen.xib in Resources */ = {isa = PBXBuildFile; fileRef = 330424BA1B9E16C2003D5965 /* LaunchScreen.xib */; };
		330424C81B9E16C2003D5965 /* Currency_ConverterTests.swift in Sources */ = {isa = PBXBuildFile; fileRef = 330424C71B9E16C2003D5965 /* Currency_ConverterTests.swift */; };
		330424D91B9E2CA6003D5965 /* ConverterViewModel.swift in Sources */ = {isa = PBXBuildFile; fileRef = 330424D81B9E2CA6003D5965 /* ConverterViewModel.swift */; };
		330424DC1B9E3E5B003D5965 /* CurrencyConverterService.swift in Sources */ = {isa = PBXBuildFile; fileRef = 330424DB1B9E3E5B003D5965 /* CurrencyConverterService.swift */; };
		838452B6A07F183674332DE3 /* Pods_Currency_Converter.framework in Frameworks */ = {isa = PBXBuildFile; fileRef = AC61D7B538FCC085FB8A00E5 /* Pods_Currency_Converter.framework */; settings = {ATTRIBUTES = (Weak, ); }; };
		EAD565BE683476DF32884B3F /* Pods_Currency_ConverterTests.framework in Frameworks */ = {isa = PBXBuildFile; fileRef = 3E9440C9BE49B9F1C347B563 /* Pods_Currency_ConverterTests.framework */; settings = {ATTRIBUTES = (Weak, ); }; };
/* End PBXBuildFile section */

/* Begin PBXContainerItemProxy section */
		330424C21B9E16C2003D5965 /* PBXContainerItemProxy */ = {
			isa = PBXContainerItemProxy;
			containerPortal = 330424A41B9E16C2003D5965 /* Project object */;
			proxyType = 1;
			remoteGlobalIDString = 330424AB1B9E16C2003D5965;
			remoteInfo = "Currency Converter";
		};
/* End PBXContainerItemProxy section */

/* Begin PBXFileReference section */
		330424AC1B9E16C2003D5965 /* Currency Converter.app */ = {isa = PBXFileReference; explicitFileType = wrapper.application; includeInIndex = 0; path = "Currency Converter.app"; sourceTree = BUILT_PRODUCTS_DIR; };
		330424B01B9E16C2003D5965 /* Info.plist */ = {isa = PBXFileReference; lastKnownFileType = text.plist.xml; path = Info.plist; sourceTree = "<group>"; };
		330424B11B9E16C2003D5965 /* AppDelegate.swift */ = {isa = PBXFileReference; lastKnownFileType = sourcecode.swift; path = AppDelegate.swift; sourceTree = "<group>"; };
		330424B31B9E16C2003D5965 /* ConverterViewController.swift */ = {isa = PBXFileReference; lastKnownFileType = sourcecode.swift; path = ConverterViewController.swift; sourceTree = "<group>"; };
		330424B61B9E16C2003D5965 /* Base */ = {isa = PBXFileReference; lastKnownFileType = file.storyboard; name = Base; path = Base.lproj/Main.storyboard; sourceTree = "<group>"; };
		330424B81B9E16C2003D5965 /* Images.xcassets */ = {isa = PBXFileReference; lastKnownFileType = folder.assetcatalog; path = Images.xcassets; sourceTree = "<group>"; };
		330424BB1B9E16C2003D5965 /* Base */ = {isa = PBXFileReference; lastKnownFileType = file.xib; name = Base; path = Base.lproj/LaunchScreen.xib; sourceTree = "<group>"; };
		330424C11B9E16C2003D5965 /* Currency ConverterTests.xctest */ = {isa = PBXFileReference; explicitFileType = wrapper.cfbundle; includeInIndex = 0; path = "Currency ConverterTests.xctest"; sourceTree = BUILT_PRODUCTS_DIR; };
		330424C61B9E16C2003D5965 /* Info.plist */ = {isa = PBXFileReference; lastKnownFileType = text.plist.xml; path = Info.plist; sourceTree = "<group>"; };
		330424C71B9E16C2003D5965 /* Currency_ConverterTests.swift */ = {isa = PBXFileReference; lastKnownFileType = sourcecode.swift; path = Currency_ConverterTests.swift; sourceTree = "<group>"; };
		330424D81B9E2CA6003D5965 /* ConverterViewModel.swift */ = {isa = PBXFileReference; fileEncoding = 4; lastKnownFileType = sourcecode.swift; path = ConverterViewModel.swift; sourceTree = "<group>"; };
		330424DB1B9E3E5B003D5965 /* CurrencyConverterService.swift */ = {isa = PBXFileReference; fileEncoding = 4; lastKnownFileType = sourcecode.swift; path = CurrencyConverterService.swift; sourceTree = "<group>"; };
		3E9440C9BE49B9F1C347B563 /* Pods_Currency_ConverterTests.framework */ = {isa = PBXFileReference; explicitFileType = wrapper.framework; includeInIndex = 0; path = Pods_Currency_ConverterTests.framework; sourceTree = BUILT_PRODUCTS_DIR; };
		437CF53F3F1FDFC9725F2319 /* Pods-Currency ConverterTests.debug.xcconfig */ = {isa = PBXFileReference; includeInIndex = 1; lastKnownFileType = text.xcconfig; name = "Pods-Currency ConverterTests.debug.xcconfig"; path = "Pods/Target Support Files/Pods-Currency ConverterTests/Pods-Currency ConverterTests.debug.xcconfig"; sourceTree = "<group>"; };
		692BF0CD2B0947E5DB02A236 /* Pods-Currency ConverterTests.release.xcconfig */ = {isa = PBXFileReference; includeInIndex = 1; lastKnownFileType = text.xcconfig; name = "Pods-Currency ConverterTests.release.xcconfig"; path = "Pods/Target Support Files/Pods-Currency ConverterTests/Pods-Currency ConverterTests.release.xcconfig"; sourceTree = "<group>"; };
		AC61D7B538FCC085FB8A00E5 /* Pods_Currency_Converter.framework */ = {isa = PBXFileReference; explicitFileType = wrapper.framework; includeInIndex = 0; path = Pods_Currency_Converter.framework; sourceTree = BUILT_PRODUCTS_DIR; };
		B34FBFA9AE0FAEE0C90260F4 /* Pods-Currency Converter.debug.xcconfig */ = {isa = PBXFileReference; includeInIndex = 1; lastKnownFileType = text.xcconfig; name = "Pods-Currency Converter.debug.xcconfig"; path = "Pods/Target Support Files/Pods-Currency Converter/Pods-Currency Converter.debug.xcconfig"; sourceTree = "<group>"; };
		F50D32A6781603FA20EE998C /* Pods-Currency Converter.release.xcconfig */ = {isa = PBXFileReference; includeInIndex = 1; lastKnownFileType = text.xcconfig; name = "Pods-Currency Converter.release.xcconfig"; path = "Pods/Target Support Files/Pods-Currency Converter/Pods-Currency Converter.release.xcconfig"; sourceTree = "<group>"; };
/* End PBXFileReference section */

/* Begin PBXFrameworksBuildPhase section */
		330424A91B9E16C2003D5965 /* Frameworks */ = {
			isa = PBXFrameworksBuildPhase;
			buildActionMask = 2147483647;
			files = (
				838452B6A07F183674332DE3 /* Pods_Currency_Converter.framework in Frameworks */,
			);
			runOnlyForDeploymentPostprocessing = 0;
		};
		330424BE1B9E16C2003D5965 /* Frameworks */ = {
			isa = PBXFrameworksBuildPhase;
			buildActionMask = 2147483647;
			files = (
				EAD565BE683476DF32884B3F /* Pods_Currency_ConverterTests.framework in Frameworks */,
			);
			runOnlyForDeploymentPostprocessing = 0;
		};
/* End PBXFrameworksBuildPhase section */

/* Begin PBXGroup section */
		330424A31B9E16C2003D5965 = {
			isa = PBXGroup;
			children = (
				330424AE1B9E16C2003D5965 /* Currency Converter */,
				330424C41B9E16C2003D5965 /* Currency ConverterTests */,
				330424AD1B9E16C2003D5965 /* Products */,
				806AB5FA5F8EC4D1C7AF1E45 /* Pods */,
				525A6657BFE64CC7572DCFE3 /* Frameworks */,
			);
			sourceTree = "<group>";
		};
		330424AD1B9E16C2003D5965 /* Products */ = {
			isa = PBXGroup;
			children = (
				330424AC1B9E16C2003D5965 /* Currency Converter.app */,
				330424C11B9E16C2003D5965 /* Currency ConverterTests.xctest */,
			);
			name = Products;
			sourceTree = "<group>";
		};
		330424AE1B9E16C2003D5965 /* Currency Converter */ = {
			isa = PBXGroup;
			children = (
				330424AF1B9E16C2003D5965 /* Supporting Files */,
				330424DA1B9E3E3E003D5965 /* Services */,
				330424D11B9E18AF003D5965 /* Model */,
				330424D71B9E2AC7003D5965 /* ViewModels */,
				330424D61B9E2AB1003D5965 /* ViewControllers */,
				330424D51B9E2A8E003D5965 /* UI */,
				330424B11B9E16C2003D5965 /* AppDelegate.swift */,
				330424B81B9E16C2003D5965 /* Images.xcassets */,
			);
			path = "Currency Converter";
			sourceTree = "<group>";
		};
		330424AF1B9E16C2003D5965 /* Supporting Files */ = {
			isa = PBXGroup;
			children = (
				330424B01B9E16C2003D5965 /* Info.plist */,
			);
			name = "Supporting Files";
			sourceTree = "<group>";
		};
		330424C41B9E16C2003D5965 /* Currency ConverterTests */ = {
			isa = PBXGroup;
			children = (
				330424C71B9E16C2003D5965 /* Currency_ConverterTests.swift */,
				330424C51B9E16C2003D5965 /* Supporting Files */,
			);
			path = "Currency ConverterTests";
			sourceTree = "<group>";
		};
		330424C51B9E16C2003D5965 /* Supporting Files */ = {
			isa = PBXGroup;
			children = (
				330424C61B9E16C2003D5965 /* Info.plist */,
			);
			name = "Supporting Files";
			sourceTree = "<group>";
		};
		330424D11B9E18AF003D5965 /* Model */ = {
			isa = PBXGroup;
			children = (
			);
			name = Model;
			sourceTree = "<group>";
		};
		330424D51B9E2A8E003D5965 /* UI */ = {
			isa = PBXGroup;
			children = (
				330424B51B9E16C2003D5965 /* Main.storyboard */,
				330424BA1B9E16C2003D5965 /* LaunchScreen.xib */,
			);
			name = UI;
			sourceTree = "<group>";
		};
		330424D61B9E2AB1003D5965 /* ViewControllers */ = {
			isa = PBXGroup;
			children = (
				330424B31B9E16C2003D5965 /* ConverterViewController.swift */,
			);
			name = ViewControllers;
			sourceTree = "<group>";
		};
		330424D71B9E2AC7003D5965 /* ViewModels */ = {
			isa = PBXGroup;
			children = (
				330424D81B9E2CA6003D5965 /* ConverterViewModel.swift */,
			);
			name = ViewModels;
			sourceTree = "<group>";
		};
		330424DA1B9E3E3E003D5965 /* Services */ = {
			isa = PBXGroup;
			children = (
				330424DB1B9E3E5B003D5965 /* CurrencyConverterService.swift */,
			);
			name = Services;
			sourceTree = "<group>";
		};
		525A6657BFE64CC7572DCFE3 /* Frameworks */ = {
			isa = PBXGroup;
			children = (
				AC61D7B538FCC085FB8A00E5 /* Pods_Currency_Converter.framework */,
				3E9440C9BE49B9F1C347B563 /* Pods_Currency_ConverterTests.framework */,
			);
			name = Frameworks;
			sourceTree = "<group>";
		};
		806AB5FA5F8EC4D1C7AF1E45 /* Pods */ = {
			isa = PBXGroup;
			children = (
				B34FBFA9AE0FAEE0C90260F4 /* Pods-Currency Converter.debug.xcconfig */,
				F50D32A6781603FA20EE998C /* Pods-Currency Converter.release.xcconfig */,
				437CF53F3F1FDFC9725F2319 /* Pods-Currency ConverterTests.debug.xcconfig */,
				692BF0CD2B0947E5DB02A236 /* Pods-Currency ConverterTests.release.xcconfig */,
			);
			name = Pods;
			sourceTree = "<group>";
		};
/* End PBXGroup section */

/* Begin PBXNativeTarget section */
		330424AB1B9E16C2003D5965 /* Currency Converter */ = {
			isa = PBXNativeTarget;
			buildConfigurationList = 330424CB1B9E16C2003D5965 /* Build configuration list for PBXNativeTarget "Currency Converter" */;
			buildPhases = (
				43AB13CAB93FD26A2F44E66F /* Check Pods Manifest.lock */,
				330424A81B9E16C2003D5965 /* Sources */,
				330424A91B9E16C2003D5965 /* Frameworks */,
				330424AA1B9E16C2003D5965 /* Resources */,
				0094933D966381EFDDCA92DB /* Embed Pods Frameworks */,
				4B41620A463F5704FD47A7B6 /* Copy Pods Resources */,
			);
			buildRules = (
			);
			dependencies = (
			);
			name = "Currency Converter";
			productName = "Currency Converter";
			productReference = 330424AC1B9E16C2003D5965 /* Currency Converter.app */;
			productType = "com.apple.product-type.application";
		};
		330424C01B9E16C2003D5965 /* Currency ConverterTests */ = {
			isa = PBXNativeTarget;
			buildConfigurationList = 330424CE1B9E16C2003D5965 /* Build configuration list for PBXNativeTarget "Currency ConverterTests" */;
			buildPhases = (
				325A5CC54689AAB0D6ED537B /* Check Pods Manifest.lock */,
				330424BD1B9E16C2003D5965 /* Sources */,
				330424BE1B9E16C2003D5965 /* Frameworks */,
				330424BF1B9E16C2003D5965 /* Resources */,
				2C20891F86E5AC0BDCE4B137 /* Embed Pods Frameworks */,
				FB00488D1A1FC23BD839F924 /* Copy Pods Resources */,
			);
			buildRules = (
			);
			dependencies = (
				330424C31B9E16C2003D5965 /* PBXTargetDependency */,
			);
			name = "Currency ConverterTests";
			productName = "Currency ConverterTests";
			productReference = 330424C11B9E16C2003D5965 /* Currency ConverterTests.xctest */;
			productType = "com.apple.product-type.bundle.unit-test";
		};
/* End PBXNativeTarget section */

/* Begin PBXProject section */
		330424A41B9E16C2003D5965 /* Project object */ = {
			isa = PBXProject;
			attributes = {
				LastUpgradeCheck = 0640;
				ORGANIZATIONNAME = "RU Informática";
				TargetAttributes = {
					330424AB1B9E16C2003D5965 = {
						CreatedOnToolsVersion = 6.4;
					};
					330424C01B9E16C2003D5965 = {
						CreatedOnToolsVersion = 6.4;
						TestTargetID = 330424AB1B9E16C2003D5965;
					};
				};
			};
			buildConfigurationList = 330424A71B9E16C2003D5965 /* Build configuration list for PBXProject "Currency Converter" */;
			compatibilityVersion = "Xcode 6.3";
			developmentRegion = English;
			hasScannedForEncodings = 0;
			knownRegions = (
				en,
				Base,
			);
			mainGroup = 330424A31B9E16C2003D5965;
			productRefGroup = 330424AD1B9E16C2003D5965 /* Products */;
			projectDirPath = "";
			projectRoot = "";
			targets = (
				330424AB1B9E16C2003D5965 /* Currency Converter */,
				330424C01B9E16C2003D5965 /* Currency ConverterTests */,
			);
		};
/* End PBXProject section */

/* Begin PBXResourcesBuildPhase section */
		330424AA1B9E16C2003D5965 /* Resources */ = {
			isa = PBXResourcesBuildPhase;
			buildActionMask = 2147483647;
			files = (
				330424B71B9E16C2003D5965 /* Main.storyboard in Resources */,
				330424BC1B9E16C2003D5965 /* LaunchScreen.xib in Resources */,
				330424B91B9E16C2003D5965 /* Images.xcassets in Resources */,
			);
			runOnlyForDeploymentPostprocessing = 0;
		};
		330424BF1B9E16C2003D5965 /* Resources */ = {
			isa = PBXResourcesBuildPhase;
			buildActionMask = 2147483647;
			files = (
			);
			runOnlyForDeploymentPostprocessing = 0;
		};
/* End PBXResourcesBuildPhase section */

/* Begin PBXShellScriptBuildPhase section */
		0094933D966381EFDDCA92DB /* Embed Pods Frameworks */ = {
			isa = PBXShellScriptBuildPhase;
			buildActionMask = 2147483647;
			files = (
			);
			inputPaths = (
			);
			name = "Embed Pods Frameworks";
			outputPaths = (
			);
			runOnlyForDeploymentPostprocessing = 0;
			shellPath = /bin/sh;
			shellScript = "\"${SRCROOT}/Pods/Target Support Files/Pods-Currency Converter/Pods-Currency Converter-frameworks.sh\"\n";
			showEnvVarsInLog = 0;
		};
		2C20891F86E5AC0BDCE4B137 /* Embed Pods Frameworks */ = {
			isa = PBXShellScriptBuildPhase;
			buildActionMask = 2147483647;
			files = (
			);
			inputPaths = (
			);
			name = "Embed Pods Frameworks";
			outputPaths = (
			);
			runOnlyForDeploymentPostprocessing = 0;
			shellPath = /bin/sh;
			shellScript = "\"${SRCROOT}/Pods/Target Support Files/Pods-Currency ConverterTests/Pods-Currency ConverterTests-frameworks.sh\"\n";
			showEnvVarsInLog = 0;
		};
		325A5CC54689AAB0D6ED537B /* Check Pods Manifest.lock */ = {
			isa = PBXShellScriptBuildPhase;
			buildActionMask = 2147483647;
			files = (
			);
			inputPaths = (
			);
			name = "Check Pods Manifest.lock";
			outputPaths = (
			);
			runOnlyForDeploymentPostprocessing = 0;
			shellPath = /bin/sh;
			shellScript = "diff \"${PODS_ROOT}/../Podfile.lock\" \"${PODS_ROOT}/Manifest.lock\" > /dev/null\nif [[ $? != 0 ]] ; then\n    cat << EOM\nerror: The sandbox is not in sync with the Podfile.lock. Run 'pod install' or update your CocoaPods installation.\nEOM\n    exit 1\nfi\n";
			showEnvVarsInLog = 0;
		};
		43AB13CAB93FD26A2F44E66F /* Check Pods Manifest.lock */ = {
			isa = PBXShellScriptBuildPhase;
			buildActionMask = 2147483647;
			files = (
			);
			inputPaths = (
			);
			name = "Check Pods Manifest.lock";
			outputPaths = (
			);
			runOnlyForDeploymentPostprocessing = 0;
			shellPath = /bin/sh;
			shellScript = "diff \"${PODS_ROOT}/../Podfile.lock\" \"${PODS_ROOT}/Manifest.lock\" > /dev/null\nif [[ $? != 0 ]] ; then\n    cat << EOM\nerror: The sandbox is not in sync with the Podfile.lock. Run 'pod install' or update your CocoaPods installation.\nEOM\n    exit 1\nfi\n";
			showEnvVarsInLog = 0;
		};
		4B41620A463F5704FD47A7B6 /* Copy Pods Resources */ = {
			isa = PBXShellScriptBuildPhase;
			buildActionMask = 2147483647;
			files = (
			);
			inputPaths = (
			);
			name = "Copy Pods Resources";
			outputPaths = (
			);
			runOnlyForDeploymentPostprocessing = 0;
			shellPath = /bin/sh;
			shellScript = "\"${SRCROOT}/Pods/Target Support Files/Pods-Currency Converter/Pods-Currency Converter-resources.sh\"\n";
			showEnvVarsInLog = 0;
		};
		FB00488D1A1FC23BD839F924 /* Copy Pods Resources */ = {
			isa = PBXShellScriptBuildPhase;
			buildActionMask = 2147483647;
			files = (
			);
			inputPaths = (
			);
			name = "Copy Pods Resources";
			outputPaths = (
			);
			runOnlyForDeploymentPostprocessing = 0;
			shellPath = /bin/sh;
			shellScript = "\"${SRCROOT}/Pods/Target Support Files/Pods-Currency ConverterTests/Pods-Currency ConverterTests-resources.sh\"\n";
			showEnvVarsInLog = 0;
		};
/* End PBXShellScriptBuildPhase section */

/* Begin PBXSourcesBuildPhase section */
		330424A81B9E16C2003D5965 /* Sources */ = {
			isa = PBXSourcesBuildPhase;
			buildActionMask = 2147483647;
			files = (
				330424B41B9E16C2003D5965 /* ConverterViewController.swift in Sources */,
				330424DC1B9E3E5B003D5965 /* CurrencyConverterService.swift in Sources */,
				330424D91B9E2CA6003D5965 /* ConverterViewModel.swift in Sources */,
				330424B21B9E16C2003D5965 /* AppDelegate.swift in Sources */,
			);
			runOnlyForDeploymentPostprocessing = 0;
		};
		330424BD1B9E16C2003D5965 /* Sources */ = {
			isa = PBXSourcesBuildPhase;
			buildActionMask = 2147483647;
			files = (
				330424C81B9E16C2003D5965 /* Currency_ConverterTests.swift in Sources */,
			);
			runOnlyForDeploymentPostprocessing = 0;
		};
/* End PBXSourcesBuildPhase section */

/* Begin PBXTargetDependency section */
		330424C31B9E16C2003D5965 /* PBXTargetDependency */ = {
			isa = PBXTargetDependency;
			target = 330424AB1B9E16C2003D5965 /* Currency Converter */;
			targetProxy = 330424C21B9E16C2003D5965 /* PBXContainerItemProxy */;
		};
/* End PBXTargetDependency section */

/* Begin PBXVariantGroup section */
		330424B51B9E16C2003D5965 /* Main.storyboard */ = {
			isa = PBXVariantGroup;
			children = (
				330424B61B9E16C2003D5965 /* Base */,
			);
			name = Main.storyboard;
			sourceTree = "<group>";
		};
		330424BA1B9E16C2003D5965 /* LaunchScreen.xib */ = {
			isa = PBXVariantGroup;
			children = (
				330424BB1B9E16C2003D5965 /* Base */,
			);
			name = LaunchScreen.xib;
			sourceTree = "<group>";
		};
/* End PBXVariantGroup section */

/* Begin XCBuildConfiguration section */
		330424C91B9E16C2003D5965 /* Debug */ = {
			isa = XCBuildConfiguration;
			buildSettings = {
				ALWAYS_SEARCH_USER_PATHS = NO;
				CLANG_CXX_LANGUAGE_STANDARD = "gnu++0x";
				CLANG_CXX_LIBRARY = "libc++";
				CLANG_ENABLE_MODULES = YES;
				CLANG_ENABLE_OBJC_ARC = YES;
				CLANG_WARN_BOOL_CONVERSION = YES;
				CLANG_WARN_CONSTANT_CONVERSION = YES;
				CLANG_WARN_DIRECT_OBJC_ISA_USAGE = YES_ERROR;
				CLANG_WARN_EMPTY_BODY = YES;
				CLANG_WARN_ENUM_CONVERSION = YES;
				CLANG_WARN_INT_CONVERSION = YES;
				CLANG_WARN_OBJC_ROOT_CLASS = YES_ERROR;
				CLANG_WARN_UNREACHABLE_CODE = YES;
				CLANG_WARN__DUPLICATE_METHOD_MATCH = YES;
				"CODE_SIGN_IDENTITY[sdk=iphoneos*]" = "iPhone Developer";
				COPY_PHASE_STRIP = NO;
				DEBUG_INFORMATION_FORMAT = "dwarf-with-dsym";
				ENABLE_STRICT_OBJC_MSGSEND = YES;
				GCC_C_LANGUAGE_STANDARD = gnu99;
				GCC_DYNAMIC_NO_PIC = NO;
				GCC_NO_COMMON_BLOCKS = YES;
				GCC_OPTIMIZATION_LEVEL = 0;
				GCC_PREPROCESSOR_DEFINITIONS = (
					"DEBUG=1",
					"$(inherited)",
				);
				GCC_SYMBOLS_PRIVATE_EXTERN = NO;
				GCC_WARN_64_TO_32_BIT_CONVERSION = YES;
				GCC_WARN_ABOUT_RETURN_TYPE = YES_ERROR;
				GCC_WARN_UNDECLARED_SELECTOR = YES;
				GCC_WARN_UNINITIALIZED_AUTOS = YES_AGGRESSIVE;
				GCC_WARN_UNUSED_FUNCTION = YES;
				GCC_WARN_UNUSED_VARIABLE = YES;
				IPHONEOS_DEPLOYMENT_TARGET = 8.4;
				MTL_ENABLE_DEBUG_INFO = YES;
				ONLY_ACTIVE_ARCH = YES;
				SDKROOT = iphoneos;
				SWIFT_OPTIMIZATION_LEVEL = "-Onone";
				TARGETED_DEVICE_FAMILY = "1,2";
			};
			name = Debug;
		};
		330424CA1B9E16C2003D5965 /* Release */ = {
			isa = XCBuildConfiguration;
			buildSettings = {
				ALWAYS_SEARCH_USER_PATHS = NO;
				CLANG_CXX_LANGUAGE_STANDARD = "gnu++0x";
				CLANG_CXX_LIBRARY = "libc++";
				CLANG_ENABLE_MODULES = YES;
				CLANG_ENABLE_OBJC_ARC = YES;
				CLANG_WARN_BOOL_CONVERSION = YES;
				CLANG_WARN_CONSTANT_CONVERSION = YES;
				CLANG_WARN_DIRECT_OBJC_ISA_USAGE = YES_ERROR;
				CLANG_WARN_EMPTY_BODY = YES;
				CLANG_WARN_ENUM_CONVERSION = YES;
				CLANG_WARN_INT_CONVERSION = YES;
				CLANG_WARN_OBJC_ROOT_CLASS = YES_ERROR;
				CLANG_WARN_UNREACHABLE_CODE = YES;
				CLANG_WARN__DUPLICATE_METHOD_MATCH = YES;
				"CODE_SIGN_IDENTITY[sdk=iphoneos*]" = "iPhone Developer";
				COPY_PHASE_STRIP = NO;
				DEBUG_INFORMATION_FORMAT = "dwarf-with-dsym";
				ENABLE_NS_ASSERTIONS = NO;
				ENABLE_STRICT_OBJC_MSGSEND = YES;
				GCC_C_LANGUAGE_STANDARD = gnu99;
				GCC_NO_COMMON_BLOCKS = YES;
				GCC_WARN_64_TO_32_BIT_CONVERSION = YES;
				GCC_WARN_ABOUT_RETURN_TYPE = YES_ERROR;
				GCC_WARN_UNDECLARED_SELECTOR = YES;
				GCC_WARN_UNINITIALIZED_AUTOS = YES_AGGRESSIVE;
				GCC_WARN_UNUSED_FUNCTION = YES;
				GCC_WARN_UNUSED_VARIABLE = YES;
				IPHONEOS_DEPLOYMENT_TARGET = 8.4;
				MTL_ENABLE_DEBUG_INFO = NO;
				SDKROOT = iphoneos;
				TARGETED_DEVICE_FAMILY = "1,2";
				VALIDATE_PRODUCT = YES;
			};
			name = Release;
		};
		330424CC1B9E16C2003D5965 /* Debug */ = {
			isa = XCBuildConfiguration;
			baseConfigurationReference = B34FBFA9AE0FAEE0C90260F4 /* Pods-Currency Converter.debug.xcconfig */;
			buildSettings = {
				ASSETCATALOG_COMPILER_APPICON_NAME = AppIcon;
				INFOPLIST_FILE = "Currency Converter/Info.plist";
				LD_RUNPATH_SEARCH_PATHS = "$(inherited) @executable_path/Frameworks";
				PRODUCT_NAME = "$(TARGET_NAME)";
			};
			name = Debug;
		};
		330424CD1B9E16C2003D5965 /* Release */ = {
			isa = XCBuildConfiguration;
			baseConfigurationReference = F50D32A6781603FA20EE998C /* Pods-Currency Converter.release.xcconfig */;
			buildSettings = {
				ASSETCATALOG_COMPILER_APPICON_NAME = AppIcon;
				INFOPLIST_FILE = "Currency Converter/Info.plist";
				LD_RUNPATH_SEARCH_PATHS = "$(inherited) @executable_path/Frameworks";
				PRODUCT_NAME = "$(TARGET_NAME)";
			};
			name = Release;
		};
		330424CF1B9E16C2003D5965 /* Debug */ = {
			isa = XCBuildConfiguration;
			baseConfigurationReference = 437CF53F3F1FDFC9725F2319 /* Pods-Currency ConverterTests.debug.xcconfig */;
			buildSettings = {
				BUNDLE_LOADER = "$(TEST_HOST)";
				FRAMEWORK_SEARCH_PATHS = (
					"$(SDKROOT)/Developer/Library/Frameworks",
					"$(inherited)",
				);
				GCC_PREPROCESSOR_DEFINITIONS = (
					"DEBUG=1",
					"$(inherited)",
				);
				INFOPLIST_FILE = "Currency ConverterTests/Info.plist";
				LD_RUNPATH_SEARCH_PATHS = "$(inherited) @executable_path/Frameworks @loader_path/Frameworks";
				PRODUCT_NAME = "$(TARGET_NAME)";
				TEST_HOST = "$(BUILT_PRODUCTS_DIR)/Currency Converter.app/Currency Converter";
			};
			name = Debug;
		};
		330424D01B9E16C2003D5965 /* Release */ = {
			isa = XCBuildConfiguration;
			baseConfigurationReference = 692BF0CD2B0947E5DB02A236 /* Pods-Currency ConverterTests.release.xcconfig */;
			buildSettings = {
				BUNDLE_LOADER = "$(TEST_HOST)";
				FRAMEWORK_SEARCH_PATHS = (
					"$(SDKROOT)/Developer/Library/Frameworks",
					"$(inherited)",
				);
				INFOPLIST_FILE = "Currency ConverterTests/Info.plist";
				LD_RUNPATH_SEARCH_PATHS = "$(inherited) @executable_path/Frameworks @loader_path/Frameworks";
				PRODUCT_NAME = "$(TARGET_NAME)";
				TEST_HOST = "$(BUILT_PRODUCTS_DIR)/Currency Converter.app/Currency Converter";
			};
			name = Release;
		};
/* End XCBuildConfiguration section */

/* Begin XCConfigurationList section */
		330424A71B9E16C2003D5965 /* Build configuration list for PBXProject "Currency Converter" */ = {
			isa = XCConfigurationList;
			buildConfigurations = (
				330424C91B9E16C2003D5965 /* Debug */,
				330424CA1B9E16C2003D5965 /* Release */,
			);
			defaultConfigurationIsVisible = 0;
			defaultConfigurationName = Release;
		};
		330424CB1B9E16C2003D5965 /* Build configuration list for PBXNativeTarget "Currency Converter" */ = {
			isa = XCConfigurationList;
			buildConfigurations = (
				330424CC1B9E16C2003D5965 /* Debug */,
				330424CD1B9E16C2003D5965 /* Release */,
			);
			defaultConfigurationIsVisible = 0;
			defaultConfigurationName = Release;
		};
		330424CE1B9E16C2003D5965 /* Build configuration list for PBXNativeTarget "Currency ConverterTests" */ = {
			isa = XCConfigurationList;
			buildConfigurations = (
				330424CF1B9E16C2003D5965 /* Debug */,
				330424D01B9E16C2003D5965 /* Release */,
			);
			defaultConfigurationIsVisible = 0;
			defaultConfigurationName = Release;
		};
/* End XCConfigurationList section */
	};
	rootObject = 330424A41B9E16C2003D5965 /* Project object */;
}
